
Microsoft Visual Studio Solution File, Format Version 12.00
# Visual Studio Version 17
VisualStudioVersion = 17.0.31903.59
MinimumVisualStudioVersion = 10.0.40219.1
Project("{2150E333-8FDC-42A3-9474-1A3956D46DE8}") = "src", "src", "{4B3C2030-FB7B-44B5-88DE-AA3954FEA4A5}"
EndProject
Project("{FAE04EC0-301F-11D3-BF4B-00C04F79EFBC}") = "Beam.Core", "src\Beam.Core\Beam.Core.csproj", "{D90853B7-3BEE-48F2-A67F-46BFCFA4FFD6}"
EndProject
Project("{2150E333-8FDC-42A3-9474-1A3956D46DE8}") = "tests", "tests", "{75B8896E-D06C-4C9E-ADA9-BC25B7387CBA}"
EndProject
Project("{FAE04EC0-301F-11D3-BF4B-00C04F79EFBC}") = "Beam.Core.Tests", "tests\Beam.Core.Tests\Beam.Core.Tests.csproj", "{C9DD44ED-B8E8-4DCB-96CE-A9258A6C09E7}"
EndProject
Global
	GlobalSection(SolutionConfigurationPlatforms) = preSolution
		Debug|Any CPU = Debug|Any CPU
		Release|Any CPU = Release|Any CPU
	EndGlobalSection
	GlobalSection(SolutionProperties) = preSolution
		HideSolutionNode = FALSE
	EndGlobalSection
	GlobalSection(ProjectConfigurationPlatforms) = postSolution
		{D90853B7-3BEE-48F2-A67F-46BFCFA4FFD6}.Debug|Any CPU.ActiveCfg = Debug|Any CPU
		{D90853B7-3BEE-48F2-A67F-46BFCFA4FFD6}.Debug|Any CPU.Build.0 = Debug|Any CPU
		{D90853B7-3BEE-48F2-A67F-46BFCFA4FFD6}.Release|Any CPU.ActiveCfg = Release|Any CPU
		{D90853B7-3BEE-48F2-A67F-46BFCFA4FFD6}.Release|Any CPU.Build.0 = Release|Any CPU
		{C9DD44ED-B8E8-4DCB-96CE-A9258A6C09E7}.Debug|Any CPU.ActiveCfg = Debug|Any CPU
		{C9DD44ED-B8E8-4DCB-96CE-A9258A6C09E7}.Debug|Any CPU.Build.0 = Debug|Any CPU
		{C9DD44ED-B8E8-4DCB-96CE-A9258A6C09E7}.Release|Any CPU.ActiveCfg = Release|Any CPU
		{C9DD44ED-B8E8-4DCB-96CE-A9258A6C09E7}.Release|Any CPU.Build.0 = Release|Any CPU
	EndGlobalSection
	GlobalSection(NestedProjects) = preSolution
		{D90853B7-3BEE-48F2-A67F-46BFCFA4FFD6} = {4B3C2030-FB7B-44B5-88DE-AA3954FEA4A5}
		{C9DD44ED-B8E8-4DCB-96CE-A9258A6C09E7} = {75B8896E-D06C-4C9E-ADA9-BC25B7387CBA}
	EndGlobalSection
EndGlobal
